// !$*UTF8*$!
{
	archiveVersion = 1;
	classes = {
	};
	objectVersion = 56;
	objects = {

/* Begin PBXBuildFile section */
		4CE217DD14C6C4109051B865 /* Pods_InstagramTests.framework in Frameworks */ = {isa = PBXBuildFile; fileRef = C5F1B348AFFF0503248B2E8E /* Pods_InstagramTests.framework */; };
		5B304B432A4FD03D005CB1D8 /* AppDelegate.swift in Sources */ = {isa = PBXBuildFile; fileRef = 5B304B422A4FD03D005CB1D8 /* AppDelegate.swift */; };
		5B304B452A4FD03D005CB1D8 /* SceneDelegate.swift in Sources */ = {isa = PBXBuildFile; fileRef = 5B304B442A4FD03D005CB1D8 /* SceneDelegate.swift */; };
		5B304B472A4FD03D005CB1D8 /* HomeViewController.swift in Sources */ = {isa = PBXBuildFile; fileRef = 5B304B462A4FD03D005CB1D8 /* HomeViewController.swift */; };
		5B304B4A2A4FD03D005CB1D8 /* Main.storyboard in Resources */ = {isa = PBXBuildFile; fileRef = 5B304B482A4FD03D005CB1D8 /* Main.storyboard */; };
		5B304B4C2A4FD03E005CB1D8 /* Assets.xcassets in Resources */ = {isa = PBXBuildFile; fileRef = 5B304B4B2A4FD03E005CB1D8 /* Assets.xcassets */; };
		5B304B4F2A4FD03E005CB1D8 /* LaunchScreen.storyboard in Resources */ = {isa = PBXBuildFile; fileRef = 5B304B4D2A4FD03E005CB1D8 /* LaunchScreen.storyboard */; };
		5B304B5A2A4FD03E005CB1D8 /* InstagramTests.swift in Sources */ = {isa = PBXBuildFile; fileRef = 5B304B592A4FD03E005CB1D8 /* InstagramTests.swift */; };
		5B304B642A4FD03E005CB1D8 /* InstagramUITests.swift in Sources */ = {isa = PBXBuildFile; fileRef = 5B304B632A4FD03E005CB1D8 /* InstagramUITests.swift */; };
		5B304B662A4FD03E005CB1D8 /* InstagramUITestsLaunchTests.swift in Sources */ = {isa = PBXBuildFile; fileRef = 5B304B652A4FD03E005CB1D8 /* InstagramUITestsLaunchTests.swift */; };
		5B304B782A4FD205005CB1D8 /* ExploreViewController.swift in Sources */ = {isa = PBXBuildFile; fileRef = 5B304B772A4FD205005CB1D8 /* ExploreViewController.swift */; };
		5B304B7B2A4FD23E005CB1D8 /* CameraViewController.swift in Sources */ = {isa = PBXBuildFile; fileRef = 5B304B7A2A4FD23E005CB1D8 /* CameraViewController.swift */; };
		5B304B7D2A4FD251005CB1D8 /* NotificationViewController.swift in Sources */ = {isa = PBXBuildFile; fileRef = 5B304B7C2A4FD251005CB1D8 /* NotificationViewController.swift */; };
		5B304B7F2A4FD25C005CB1D8 /* ProfileViewController.swift in Sources */ = {isa = PBXBuildFile; fileRef = 5B304B7E2A4FD25C005CB1D8 /* ProfileViewController.swift */; };
		5B304B842A4FD2D8005CB1D8 /* LoginViewController.swift in Sources */ = {isa = PBXBuildFile; fileRef = 5B304B832A4FD2D8005CB1D8 /* LoginViewController.swift */; };
		5B304B862A4FD2E6005CB1D8 /* RegistrationViewController.swift in Sources */ = {isa = PBXBuildFile; fileRef = 5B304B852A4FD2E6005CB1D8 /* RegistrationViewController.swift */; };
		5B304B882A4FD300005CB1D8 /* PostViewController.swift in Sources */ = {isa = PBXBuildFile; fileRef = 5B304B872A4FD300005CB1D8 /* PostViewController.swift */; };
		5B304B8A2A4FD31E005CB1D8 /* EditProfileViewController.swift in Sources */ = {isa = PBXBuildFile; fileRef = 5B304B892A4FD31E005CB1D8 /* EditProfileViewController.swift */; };
		5B304B8C2A4FD32D005CB1D8 /* SettingsViewController.swift in Sources */ = {isa = PBXBuildFile; fileRef = 5B304B8B2A4FD32D005CB1D8 /* SettingsViewController.swift */; };
		5B304B8E2A4FD351005CB1D8 /* ListViewController.swift in Sources */ = {isa = PBXBuildFile; fileRef = 5B304B8D2A4FD351005CB1D8 /* ListViewController.swift */; };
		5B304B902A4FD360005CB1D8 /* SearchViewController.swift in Sources */ = {isa = PBXBuildFile; fileRef = 5B304B8F2A4FD360005CB1D8 /* SearchViewController.swift */; };
		5B304B922A4FD377005CB1D8 /* SearchResultViewController.swift in Sources */ = {isa = PBXBuildFile; fileRef = 5B304B912A4FD377005CB1D8 /* SearchResultViewController.swift */; };
		5B304B942A4FD3AB005CB1D8 /* PostEditorViewController.swift in Sources */ = {isa = PBXBuildFile; fileRef = 5B304B932A4FD3AB005CB1D8 /* PostEditorViewController.swift */; };
		5B304B962A4FD3C3005CB1D8 /* PublishPostViewController.swift in Sources */ = {isa = PBXBuildFile; fileRef = 5B304B952A4FD3C3005CB1D8 /* PublishPostViewController.swift */; };
		5B33E4072A50CC370069E165 /* GoogleService-Info.plist in Resources */ = {isa = PBXBuildFile; fileRef = 5B33E4062A50CC370069E165 /* GoogleService-Info.plist */; };
		5BC9D1662A50E0AB0054AFF5 /* DatabaseManager.swift in Sources */ = {isa = PBXBuildFile; fileRef = 5BC9D1652A50E0AB0054AFF5 /* DatabaseManager.swift */; };
		5BC9D1682A50F31D0054AFF5 /* AuthManager.swift in Sources */ = {isa = PBXBuildFile; fileRef = 5BC9D1672A50F31D0054AFF5 /* AuthManager.swift */; };
		5BC9D16A2A50F3790054AFF5 /* StorageManager.swift in Sources */ = {isa = PBXBuildFile; fileRef = 5BC9D1692A50F3790054AFF5 /* StorageManager.swift */; };
		5BC9D16C2A50F9AA0054AFF5 /* Extensions.swift in Sources */ = {isa = PBXBuildFile; fileRef = 5BC9D16B2A50F9AA0054AFF5 /* Extensions.swift */; };
		AEDE7BD295288BA916ADD4FE /* Pods_Instagram.framework in Frameworks */ = {isa = PBXBuildFile; fileRef = 51D85C1069251D45356EEBB6 /* Pods_Instagram.framework */; };
		D57FE566731D29C3D7BD04A1 /* Pods_Instagram_InstagramUITests.framework in Frameworks */ = {isa = PBXBuildFile; fileRef = 389A1D1C2B685501273D7432 /* Pods_Instagram_InstagramUITests.framework */; };
/* End PBXBuildFile section */

/* Begin PBXContainerItemProxy section */
		5B304B562A4FD03E005CB1D8 /* PBXContainerItemProxy */ = {
			isa = PBXContainerItemProxy;
			containerPortal = 5B304B372A4FD03D005CB1D8 /* Project object */;
			proxyType = 1;
			remoteGlobalIDString = 5B304B3E2A4FD03D005CB1D8;
			remoteInfo = Instagram;
		};
		5B304B602A4FD03E005CB1D8 /* PBXContainerItemProxy */ = {
			isa = PBXContainerItemProxy;
			containerPortal = 5B304B372A4FD03D005CB1D8 /* Project object */;
			proxyType = 1;
			remoteGlobalIDString = 5B304B3E2A4FD03D005CB1D8;
			remoteInfo = Instagram;
		};
/* End PBXContainerItemProxy section */

/* Begin PBXFileReference section */
		10CAE20EFC63E80F1A821618 /* Pods-Instagram.debug.xcconfig */ = {isa = PBXFileReference; includeInIndex = 1; lastKnownFileType = text.xcconfig; name = "Pods-Instagram.debug.xcconfig"; path = "Target Support Files/Pods-Instagram/Pods-Instagram.debug.xcconfig"; sourceTree = "<group>"; };
		119DE6639DEE89B786BE3832 /* Pods-Instagram.release.xcconfig */ = {isa = PBXFileReference; includeInIndex = 1; lastKnownFileType = text.xcconfig; name = "Pods-Instagram.release.xcconfig"; path = "Target Support Files/Pods-Instagram/Pods-Instagram.release.xcconfig"; sourceTree = "<group>"; };
		389A1D1C2B685501273D7432 /* Pods_Instagram_InstagramUITests.framework */ = {isa = PBXFileReference; explicitFileType = wrapper.framework; includeInIndex = 0; path = Pods_Instagram_InstagramUITests.framework; sourceTree = BUILT_PRODUCTS_DIR; };
		3A37E766A7528EDBCF91A27C /* Pods-InstagramTests.debug.xcconfig */ = {isa = PBXFileReference; includeInIndex = 1; lastKnownFileType = text.xcconfig; name = "Pods-InstagramTests.debug.xcconfig"; path = "Target Support Files/Pods-InstagramTests/Pods-InstagramTests.debug.xcconfig"; sourceTree = "<group>"; };
		51D85C1069251D45356EEBB6 /* Pods_Instagram.framework */ = {isa = PBXFileReference; explicitFileType = wrapper.framework; includeInIndex = 0; path = Pods_Instagram.framework; sourceTree = BUILT_PRODUCTS_DIR; };
		5B304B3F2A4FD03D005CB1D8 /* Instagram.app */ = {isa = PBXFileReference; explicitFileType = wrapper.application; includeInIndex = 0; path = Instagram.app; sourceTree = BUILT_PRODUCTS_DIR; };
		5B304B422A4FD03D005CB1D8 /* AppDelegate.swift */ = {isa = PBXFileReference; lastKnownFileType = sourcecode.swift; path = AppDelegate.swift; sourceTree = "<group>"; };
		5B304B442A4FD03D005CB1D8 /* SceneDelegate.swift */ = {isa = PBXFileReference; lastKnownFileType = sourcecode.swift; path = SceneDelegate.swift; sourceTree = "<group>"; };
		5B304B462A4FD03D005CB1D8 /* HomeViewController.swift */ = {isa = PBXFileReference; lastKnownFileType = sourcecode.swift; path = HomeViewController.swift; sourceTree = "<group>"; };
		5B304B492A4FD03D005CB1D8 /* Base */ = {isa = PBXFileReference; lastKnownFileType = file.storyboard; name = Base; path = Base.lproj/Main.storyboard; sourceTree = "<group>"; };
		5B304B4B2A4FD03E005CB1D8 /* Assets.xcassets */ = {isa = PBXFileReference; lastKnownFileType = folder.assetcatalog; path = Assets.xcassets; sourceTree = "<group>"; };
		5B304B4E2A4FD03E005CB1D8 /* Base */ = {isa = PBXFileReference; lastKnownFileType = file.storyboard; name = Base; path = Base.lproj/LaunchScreen.storyboard; sourceTree = "<group>"; };
		5B304B502A4FD03E005CB1D8 /* Info.plist */ = {isa = PBXFileReference; lastKnownFileType = text.plist.xml; path = Info.plist; sourceTree = "<group>"; };
		5B304B552A4FD03E005CB1D8 /* InstagramTests.xctest */ = {isa = PBXFileReference; explicitFileType = wrapper.cfbundle; includeInIndex = 0; path = InstagramTests.xctest; sourceTree = BUILT_PRODUCTS_DIR; };
		5B304B592A4FD03E005CB1D8 /* InstagramTests.swift */ = {isa = PBXFileReference; lastKnownFileType = sourcecode.swift; path = InstagramTests.swift; sourceTree = "<group>"; };
		5B304B5F2A4FD03E005CB1D8 /* InstagramUITests.xctest */ = {isa = PBXFileReference; explicitFileType = wrapper.cfbundle; includeInIndex = 0; path = InstagramUITests.xctest; sourceTree = BUILT_PRODUCTS_DIR; };
		5B304B632A4FD03E005CB1D8 /* InstagramUITests.swift */ = {isa = PBXFileReference; lastKnownFileType = sourcecode.swift; path = InstagramUITests.swift; sourceTree = "<group>"; };
		5B304B652A4FD03E005CB1D8 /* InstagramUITestsLaunchTests.swift */ = {isa = PBXFileReference; lastKnownFileType = sourcecode.swift; path = InstagramUITestsLaunchTests.swift; sourceTree = "<group>"; };
		5B304B772A4FD205005CB1D8 /* ExploreViewController.swift */ = {isa = PBXFileReference; lastKnownFileType = sourcecode.swift; path = ExploreViewController.swift; sourceTree = "<group>"; };
		5B304B7A2A4FD23E005CB1D8 /* CameraViewController.swift */ = {isa = PBXFileReference; lastKnownFileType = sourcecode.swift; path = CameraViewController.swift; sourceTree = "<group>"; };
		5B304B7C2A4FD251005CB1D8 /* NotificationViewController.swift */ = {isa = PBXFileReference; lastKnownFileType = sourcecode.swift; path = NotificationViewController.swift; sourceTree = "<group>"; };
		5B304B7E2A4FD25C005CB1D8 /* ProfileViewController.swift */ = {isa = PBXFileReference; lastKnownFileType = sourcecode.swift; path = ProfileViewController.swift; sourceTree = "<group>"; };
		5B304B832A4FD2D8005CB1D8 /* LoginViewController.swift */ = {isa = PBXFileReference; lastKnownFileType = sourcecode.swift; path = LoginViewController.swift; sourceTree = "<group>"; };
		5B304B852A4FD2E6005CB1D8 /* RegistrationViewController.swift */ = {isa = PBXFileReference; lastKnownFileType = sourcecode.swift; path = RegistrationViewController.swift; sourceTree = "<group>"; };
		5B304B872A4FD300005CB1D8 /* PostViewController.swift */ = {isa = PBXFileReference; lastKnownFileType = sourcecode.swift; path = PostViewController.swift; sourceTree = "<group>"; };
		5B304B892A4FD31E005CB1D8 /* EditProfileViewController.swift */ = {isa = PBXFileReference; lastKnownFileType = sourcecode.swift; path = EditProfileViewController.swift; sourceTree = "<group>"; };
		5B304B8B2A4FD32D005CB1D8 /* SettingsViewController.swift */ = {isa = PBXFileReference; lastKnownFileType = sourcecode.swift; path = SettingsViewController.swift; sourceTree = "<group>"; };
		5B304B8D2A4FD351005CB1D8 /* ListViewController.swift */ = {isa = PBXFileReference; lastKnownFileType = sourcecode.swift; path = ListViewController.swift; sourceTree = "<group>"; };
		5B304B8F2A4FD360005CB1D8 /* SearchViewController.swift */ = {isa = PBXFileReference; lastKnownFileType = sourcecode.swift; path = SearchViewController.swift; sourceTree = "<group>"; };
		5B304B912A4FD377005CB1D8 /* SearchResultViewController.swift */ = {isa = PBXFileReference; lastKnownFileType = sourcecode.swift; path = SearchResultViewController.swift; sourceTree = "<group>"; };
		5B304B932A4FD3AB005CB1D8 /* PostEditorViewController.swift */ = {isa = PBXFileReference; lastKnownFileType = sourcecode.swift; path = PostEditorViewController.swift; sourceTree = "<group>"; };
		5B304B952A4FD3C3005CB1D8 /* PublishPostViewController.swift */ = {isa = PBXFileReference; lastKnownFileType = sourcecode.swift; path = PublishPostViewController.swift; sourceTree = "<group>"; };
		5B33E4062A50CC370069E165 /* GoogleService-Info.plist */ = {isa = PBXFileReference; fileEncoding = 4; lastKnownFileType = text.plist.xml; path = "GoogleService-Info.plist"; sourceTree = "<group>"; };
		5BC9D1652A50E0AB0054AFF5 /* DatabaseManager.swift */ = {isa = PBXFileReference; lastKnownFileType = sourcecode.swift; path = DatabaseManager.swift; sourceTree = "<group>"; };
		5BC9D1672A50F31D0054AFF5 /* AuthManager.swift */ = {isa = PBXFileReference; lastKnownFileType = sourcecode.swift; path = AuthManager.swift; sourceTree = "<group>"; };
		5BC9D1692A50F3790054AFF5 /* StorageManager.swift */ = {isa = PBXFileReference; lastKnownFileType = sourcecode.swift; path = StorageManager.swift; sourceTree = "<group>"; };
		5BC9D16B2A50F9AA0054AFF5 /* Extensions.swift */ = {isa = PBXFileReference; lastKnownFileType = sourcecode.swift; path = Extensions.swift; sourceTree = "<group>"; };
		6AD42BE179B7672CD2CC5BA8 /* Pods-InstagramTests.release.xcconfig */ = {isa = PBXFileReference; includeInIndex = 1; lastKnownFileType = text.xcconfig; name = "Pods-InstagramTests.release.xcconfig"; path = "Target Support Files/Pods-InstagramTests/Pods-InstagramTests.release.xcconfig"; sourceTree = "<group>"; };
		90949187204D0BF6A17BFE18 /* Pods-Instagram-InstagramUITests.debug.xcconfig */ = {isa = PBXFileReference; includeInIndex = 1; lastKnownFileType = text.xcconfig; name = "Pods-Instagram-InstagramUITests.debug.xcconfig"; path = "Target Support Files/Pods-Instagram-InstagramUITests/Pods-Instagram-InstagramUITests.debug.xcconfig"; sourceTree = "<group>"; };
		C5F1B348AFFF0503248B2E8E /* Pods_InstagramTests.framework */ = {isa = PBXFileReference; explicitFileType = wrapper.framework; includeInIndex = 0; path = Pods_InstagramTests.framework; sourceTree = BUILT_PRODUCTS_DIR; };
		DF49A48C500C8283A4761555 /* Pods-Instagram-InstagramUITests.release.xcconfig */ = {isa = PBXFileReference; includeInIndex = 1; lastKnownFileType = text.xcconfig; name = "Pods-Instagram-InstagramUITests.release.xcconfig"; path = "Target Support Files/Pods-Instagram-InstagramUITests/Pods-Instagram-InstagramUITests.release.xcconfig"; sourceTree = "<group>"; };
/* End PBXFileReference section */

/* Begin PBXFrameworksBuildPhase section */
		5B304B3C2A4FD03D005CB1D8 /* Frameworks */ = {
			isa = PBXFrameworksBuildPhase;
			buildActionMask = 2147483647;
			files = (
				AEDE7BD295288BA916ADD4FE /* Pods_Instagram.framework in Frameworks */,
			);
			runOnlyForDeploymentPostprocessing = 0;
		};
		5B304B522A4FD03E005CB1D8 /* Frameworks */ = {
			isa = PBXFrameworksBuildPhase;
			buildActionMask = 2147483647;
			files = (
				4CE217DD14C6C4109051B865 /* Pods_InstagramTests.framework in Frameworks */,
			);
			runOnlyForDeploymentPostprocessing = 0;
		};
		5B304B5C2A4FD03E005CB1D8 /* Frameworks */ = {
			isa = PBXFrameworksBuildPhase;
			buildActionMask = 2147483647;
			files = (
				D57FE566731D29C3D7BD04A1 /* Pods_Instagram_InstagramUITests.framework in Frameworks */,
			);
			runOnlyForDeploymentPostprocessing = 0;
		};
/* End PBXFrameworksBuildPhase section */

/* Begin PBXGroup section */
		036F7A7A8416A4AAFDB9A2CC /* Frameworks */ = {
			isa = PBXGroup;
			children = (
				51D85C1069251D45356EEBB6 /* Pods_Instagram.framework */,
				389A1D1C2B685501273D7432 /* Pods_Instagram_InstagramUITests.framework */,
				C5F1B348AFFF0503248B2E8E /* Pods_InstagramTests.framework */,
			);
			name = Frameworks;
			sourceTree = "<group>";
		};
		5B304B362A4FD03D005CB1D8 = {
			isa = PBXGroup;
			children = (
				5B304B412A4FD03D005CB1D8 /* Instagram */,
				5B304B582A4FD03E005CB1D8 /* InstagramTests */,
				5B304B622A4FD03E005CB1D8 /* InstagramUITests */,
				5B304B402A4FD03D005CB1D8 /* Products */,
				ADB9FB0D5207D31BA3932A2E /* Pods */,
				036F7A7A8416A4AAFDB9A2CC /* Frameworks */,
			);
			sourceTree = "<group>";
		};
		5B304B402A4FD03D005CB1D8 /* Products */ = {
			isa = PBXGroup;
			children = (
				5B304B3F2A4FD03D005CB1D8 /* Instagram.app */,
				5B304B552A4FD03E005CB1D8 /* InstagramTests.xctest */,
				5B304B5F2A4FD03E005CB1D8 /* InstagramUITests.xctest */,
			);
			name = Products;
			sourceTree = "<group>";
		};
		5B304B412A4FD03D005CB1D8 /* Instagram */ = {
			isa = PBXGroup;
			children = (
				5B304B752A4FD0B4005CB1D8 /* Resources */,
				5B304B742A4FD0AA005CB1D8 /* Models */,
				5B304B722A4FD093005CB1D8 /* Views */,
				5B304B732A4FD0A2005CB1D8 /* Controllers */,
				5B304B502A4FD03E005CB1D8 /* Info.plist */,
			);
			path = Instagram;
			sourceTree = "<group>";
		};
		5B304B582A4FD03E005CB1D8 /* InstagramTests */ = {
			isa = PBXGroup;
			children = (
				5B304B592A4FD03E005CB1D8 /* InstagramTests.swift */,
			);
			path = InstagramTests;
			sourceTree = "<group>";
		};
		5B304B622A4FD03E005CB1D8 /* InstagramUITests */ = {
			isa = PBXGroup;
			children = (
				5B304B632A4FD03E005CB1D8 /* InstagramUITests.swift */,
				5B304B652A4FD03E005CB1D8 /* InstagramUITestsLaunchTests.swift */,
			);
			path = InstagramUITests;
			sourceTree = "<group>";
		};
		5B304B722A4FD093005CB1D8 /* Views */ = {
			isa = PBXGroup;
			children = (
				5B304B4B2A4FD03E005CB1D8 /* Assets.xcassets */,
				5B304B762A4FD11C005CB1D8 /* Storyboard */,
			);
			path = Views;
			sourceTree = "<group>";
		};
		5B304B732A4FD0A2005CB1D8 /* Controllers */ = {
			isa = PBXGroup;
			children = (
				5B304B812A4FD2A4005CB1D8 /* Other */,
				5B304B802A4FD26E005CB1D8 /* Core Tabs */,
			);
			path = Controllers;
			sourceTree = "<group>";
		};
		5B304B742A4FD0AA005CB1D8 /* Models */ = {
			isa = PBXGroup;
			children = (
			);
			path = Models;
			sourceTree = "<group>";
		};
		5B304B752A4FD0B4005CB1D8 /* Resources */ = {
			isa = PBXGroup;
			children = (
				5B33E4062A50CC370069E165 /* GoogleService-Info.plist */,
				5B304B422A4FD03D005CB1D8 /* AppDelegate.swift */,
				5B304B442A4FD03D005CB1D8 /* SceneDelegate.swift */,
				5BC9D1652A50E0AB0054AFF5 /* DatabaseManager.swift */,
				5BC9D1692A50F3790054AFF5 /* StorageManager.swift */,
				5BC9D1672A50F31D0054AFF5 /* AuthManager.swift */,
				5BC9D16B2A50F9AA0054AFF5 /* Extensions.swift */,
			);
			path = Resources;
			sourceTree = "<group>";
		};
		5B304B762A4FD11C005CB1D8 /* Storyboard */ = {
			isa = PBXGroup;
			children = (
				5B304B482A4FD03D005CB1D8 /* Main.storyboard */,
				5B304B4D2A4FD03E005CB1D8 /* LaunchScreen.storyboard */,
			);
			path = Storyboard;
			sourceTree = "<group>";
		};
		5B304B802A4FD26E005CB1D8 /* Core Tabs */ = {
			isa = PBXGroup;
			children = (
				5B304B462A4FD03D005CB1D8 /* HomeViewController.swift */,
				5B304B772A4FD205005CB1D8 /* ExploreViewController.swift */,
				5B304B7A2A4FD23E005CB1D8 /* CameraViewController.swift */,
				5B304B7C2A4FD251005CB1D8 /* NotificationViewController.swift */,
				5B304B7E2A4FD25C005CB1D8 /* ProfileViewController.swift */,
			);
			path = "Core Tabs";
			sourceTree = "<group>";
		};
		5B304B812A4FD2A4005CB1D8 /* Other */ = {
			isa = PBXGroup;
			children = (
				5B304B822A4FD2AB005CB1D8 /* Onboarding */,
				5BC9D1642A50DEC10054AFF5 /* General */,
			);
			path = Other;
			sourceTree = "<group>";
		};
		5B304B822A4FD2AB005CB1D8 /* Onboarding */ = {
			isa = PBXGroup;
			children = (
				5B304B832A4FD2D8005CB1D8 /* LoginViewController.swift */,
				5B304B852A4FD2E6005CB1D8 /* RegistrationViewController.swift */,
			);
			path = Onboarding;
			sourceTree = "<group>";
		};
		5BC9D1642A50DEC10054AFF5 /* General */ = {
			isa = PBXGroup;
			children = (
				5B304B872A4FD300005CB1D8 /* PostViewController.swift */,
				5B304B892A4FD31E005CB1D8 /* EditProfileViewController.swift */,
				5B304B8B2A4FD32D005CB1D8 /* SettingsViewController.swift */,
				5B304B8D2A4FD351005CB1D8 /* ListViewController.swift */,
				5B304B8F2A4FD360005CB1D8 /* SearchViewController.swift */,
				5B304B912A4FD377005CB1D8 /* SearchResultViewController.swift */,
				5B304B932A4FD3AB005CB1D8 /* PostEditorViewController.swift */,
				5B304B952A4FD3C3005CB1D8 /* PublishPostViewController.swift */,
			);
			path = General;
			sourceTree = "<group>";
		};
		ADB9FB0D5207D31BA3932A2E /* Pods */ = {
			isa = PBXGroup;
			children = (
				10CAE20EFC63E80F1A821618 /* Pods-Instagram.debug.xcconfig */,
				119DE6639DEE89B786BE3832 /* Pods-Instagram.release.xcconfig */,
				90949187204D0BF6A17BFE18 /* Pods-Instagram-InstagramUITests.debug.xcconfig */,
				DF49A48C500C8283A4761555 /* Pods-Instagram-InstagramUITests.release.xcconfig */,
				3A37E766A7528EDBCF91A27C /* Pods-InstagramTests.debug.xcconfig */,
				6AD42BE179B7672CD2CC5BA8 /* Pods-InstagramTests.release.xcconfig */,
			);
			path = Pods;
			sourceTree = "<group>";
		};
/* End PBXGroup section */

/* Begin PBXNativeTarget section */
		5B304B3E2A4FD03D005CB1D8 /* Instagram */ = {
			isa = PBXNativeTarget;
			buildConfigurationList = 5B304B692A4FD03E005CB1D8 /* Build configuration list for PBXNativeTarget "Instagram" */;
			buildPhases = (
				7A72312FDA4C9AF470034009 /* [CP] Check Pods Manifest.lock */,
				5B304B3B2A4FD03D005CB1D8 /* Sources */,
				5B304B3C2A4FD03D005CB1D8 /* Frameworks */,
				5B304B3D2A4FD03D005CB1D8 /* Resources */,
				3B39D464C697FCD09388FF00 /* [CP] Embed Pods Frameworks */,
			);
			buildRules = (
			);
			dependencies = (
			);
			name = Instagram;
			productName = Instagram;
			productReference = 5B304B3F2A4FD03D005CB1D8 /* Instagram.app */;
			productType = "com.apple.product-type.application";
		};
		5B304B542A4FD03E005CB1D8 /* InstagramTests */ = {
			isa = PBXNativeTarget;
			buildConfigurationList = 5B304B6C2A4FD03E005CB1D8 /* Build configuration list for PBXNativeTarget "InstagramTests" */;
			buildPhases = (
				F2E5930C71E00A5A57204D00 /* [CP] Check Pods Manifest.lock */,
				5B304B512A4FD03E005CB1D8 /* Sources */,
				5B304B522A4FD03E005CB1D8 /* Frameworks */,
				5B304B532A4FD03E005CB1D8 /* Resources */,
			);
			buildRules = (
			);
			dependencies = (
				5B304B572A4FD03E005CB1D8 /* PBXTargetDependency */,
			);
			name = InstagramTests;
			productName = InstagramTests;
			productReference = 5B304B552A4FD03E005CB1D8 /* InstagramTests.xctest */;
			productType = "com.apple.product-type.bundle.unit-test";
		};
		5B304B5E2A4FD03E005CB1D8 /* InstagramUITests */ = {
			isa = PBXNativeTarget;
			buildConfigurationList = 5B304B6F2A4FD03E005CB1D8 /* Build configuration list for PBXNativeTarget "InstagramUITests" */;
			buildPhases = (
				430EA12E4CCA713AC323519F /* [CP] Check Pods Manifest.lock */,
				5B304B5B2A4FD03E005CB1D8 /* Sources */,
				5B304B5C2A4FD03E005CB1D8 /* Frameworks */,
				5B304B5D2A4FD03E005CB1D8 /* Resources */,
				89A583795B911A013E4A1202 /* [CP] Embed Pods Frameworks */,
			);
			buildRules = (
			);
			dependencies = (
				5B304B612A4FD03E005CB1D8 /* PBXTargetDependency */,
			);
			name = InstagramUITests;
			productName = InstagramUITests;
			productReference = 5B304B5F2A4FD03E005CB1D8 /* InstagramUITests.xctest */;
			productType = "com.apple.product-type.bundle.ui-testing";
		};
/* End PBXNativeTarget section */

/* Begin PBXProject section */
		5B304B372A4FD03D005CB1D8 /* Project object */ = {
			isa = PBXProject;
			attributes = {
				BuildIndependentTargetsInParallel = 1;
				LastSwiftUpdateCheck = 1430;
				LastUpgradeCheck = 1430;
				TargetAttributes = {
					5B304B3E2A4FD03D005CB1D8 = {
						CreatedOnToolsVersion = 14.3.1;
					};
					5B304B542A4FD03E005CB1D8 = {
						CreatedOnToolsVersion = 14.3.1;
						TestTargetID = 5B304B3E2A4FD03D005CB1D8;
					};
					5B304B5E2A4FD03E005CB1D8 = {
						CreatedOnToolsVersion = 14.3.1;
						TestTargetID = 5B304B3E2A4FD03D005CB1D8;
					};
				};
			};
			buildConfigurationList = 5B304B3A2A4FD03D005CB1D8 /* Build configuration list for PBXProject "Instagram" */;
			compatibilityVersion = "Xcode 14.0";
			developmentRegion = en;
			hasScannedForEncodings = 0;
			knownRegions = (
				en,
				Base,
			);
			mainGroup = 5B304B362A4FD03D005CB1D8;
			productRefGroup = 5B304B402A4FD03D005CB1D8 /* Products */;
			projectDirPath = "";
			projectRoot = "";
			targets = (
				5B304B3E2A4FD03D005CB1D8 /* Instagram */,
				5B304B542A4FD03E005CB1D8 /* InstagramTests */,
				5B304B5E2A4FD03E005CB1D8 /* InstagramUITests */,
			);
		};
/* End PBXProject section */

/* Begin PBXResourcesBuildPhase section */
		5B304B3D2A4FD03D005CB1D8 /* Resources */ = {
			isa = PBXResourcesBuildPhase;
			buildActionMask = 2147483647;
			files = (
				5B304B4F2A4FD03E005CB1D8 /* LaunchScreen.storyboard in Resources */,
				5B33E4072A50CC370069E165 /* GoogleService-Info.plist in Resources */,
				5B304B4C2A4FD03E005CB1D8 /* Assets.xcassets in Resources */,
				5B304B4A2A4FD03D005CB1D8 /* Main.storyboard in Resources */,
			);
			runOnlyForDeploymentPostprocessing = 0;
		};
		5B304B532A4FD03E005CB1D8 /* Resources */ = {
			isa = PBXResourcesBuildPhase;
			buildActionMask = 2147483647;
			files = (
			);
			runOnlyForDeploymentPostprocessing = 0;
		};
		5B304B5D2A4FD03E005CB1D8 /* Resources */ = {
			isa = PBXResourcesBuildPhase;
			buildActionMask = 2147483647;
			files = (
			);
			runOnlyForDeploymentPostprocessing = 0;
		};
/* End PBXResourcesBuildPhase section */

/* Begin PBXShellScriptBuildPhase section */
		3B39D464C697FCD09388FF00 /* [CP] Embed Pods Frameworks */ = {
			isa = PBXShellScriptBuildPhase;
			buildActionMask = 2147483647;
			files = (
			);
			inputFileListPaths = (
				"${PODS_ROOT}/Target Support Files/Pods-Instagram/Pods-Instagram-frameworks-${CONFIGURATION}-input-files.xcfilelist",
			);
			name = "[CP] Embed Pods Frameworks";
			outputFileListPaths = (
				"${PODS_ROOT}/Target Support Files/Pods-Instagram/Pods-Instagram-frameworks-${CONFIGURATION}-output-files.xcfilelist",
			);
			runOnlyForDeploymentPostprocessing = 0;
			shellPath = /bin/sh;
			shellScript = "\"${PODS_ROOT}/Target Support Files/Pods-Instagram/Pods-Instagram-frameworks.sh\"\n";
			showEnvVarsInLog = 0;
		};
		430EA12E4CCA713AC323519F /* [CP] Check Pods Manifest.lock */ = {
			isa = PBXShellScriptBuildPhase;
			buildActionMask = 2147483647;
			files = (
			);
			inputFileListPaths = (
			);
			inputPaths = (
				"${PODS_PODFILE_DIR_PATH}/Podfile.lock",
				"${PODS_ROOT}/Manifest.lock",
			);
			name = "[CP] Check Pods Manifest.lock";
			outputFileListPaths = (
			);
			outputPaths = (
				"$(DERIVED_FILE_DIR)/Pods-Instagram-InstagramUITests-checkManifestLockResult.txt",
			);
			runOnlyForDeploymentPostprocessing = 0;
			shellPath = /bin/sh;
			shellScript = "diff \"${PODS_PODFILE_DIR_PATH}/Podfile.lock\" \"${PODS_ROOT}/Manifest.lock\" > /dev/null\nif [ $? != 0 ] ; then\n    # print error to STDERR\n    echo \"error: The sandbox is not in sync with the Podfile.lock. Run 'pod install' or update your CocoaPods installation.\" >&2\n    exit 1\nfi\n# This output is used by Xcode 'outputs' to avoid re-running this script phase.\necho \"SUCCESS\" > \"${SCRIPT_OUTPUT_FILE_0}\"\n";
			showEnvVarsInLog = 0;
		};
		7A72312FDA4C9AF470034009 /* [CP] Check Pods Manifest.lock */ = {
			isa = PBXShellScriptBuildPhase;
			buildActionMask = 2147483647;
			files = (
			);
			inputFileListPaths = (
			);
			inputPaths = (
				"${PODS_PODFILE_DIR_PATH}/Podfile.lock",
				"${PODS_ROOT}/Manifest.lock",
			);
			name = "[CP] Check Pods Manifest.lock";
			outputFileListPaths = (
			);
			outputPaths = (
				"$(DERIVED_FILE_DIR)/Pods-Instagram-checkManifestLockResult.txt",
			);
			runOnlyForDeploymentPostprocessing = 0;
			shellPath = /bin/sh;
			shellScript = "diff \"${PODS_PODFILE_DIR_PATH}/Podfile.lock\" \"${PODS_ROOT}/Manifest.lock\" > /dev/null\nif [ $? != 0 ] ; then\n    # print error to STDERR\n    echo \"error: The sandbox is not in sync with the Podfile.lock. Run 'pod install' or update your CocoaPods installation.\" >&2\n    exit 1\nfi\n# This output is used by Xcode 'outputs' to avoid re-running this script phase.\necho \"SUCCESS\" > \"${SCRIPT_OUTPUT_FILE_0}\"\n";
			showEnvVarsInLog = 0;
		};
		89A583795B911A013E4A1202 /* [CP] Embed Pods Frameworks */ = {
			isa = PBXShellScriptBuildPhase;
			buildActionMask = 2147483647;
			files = (
			);
			inputFileListPaths = (
				"${PODS_ROOT}/Target Support Files/Pods-Instagram-InstagramUITests/Pods-Instagram-InstagramUITests-frameworks-${CONFIGURATION}-input-files.xcfilelist",
			);
			name = "[CP] Embed Pods Frameworks";
			outputFileListPaths = (
				"${PODS_ROOT}/Target Support Files/Pods-Instagram-InstagramUITests/Pods-Instagram-InstagramUITests-frameworks-${CONFIGURATION}-output-files.xcfilelist",
			);
			runOnlyForDeploymentPostprocessing = 0;
			shellPath = /bin/sh;
			shellScript = "\"${PODS_ROOT}/Target Support Files/Pods-Instagram-InstagramUITests/Pods-Instagram-InstagramUITests-frameworks.sh\"\n";
			showEnvVarsInLog = 0;
		};
		F2E5930C71E00A5A57204D00 /* [CP] Check Pods Manifest.lock */ = {
			isa = PBXShellScriptBuildPhase;
			buildActionMask = 2147483647;
			files = (
			);
			inputFileListPaths = (
			);
			inputPaths = (
				"${PODS_PODFILE_DIR_PATH}/Podfile.lock",
				"${PODS_ROOT}/Manifest.lock",
			);
			name = "[CP] Check Pods Manifest.lock";
			outputFileListPaths = (
			);
			outputPaths = (
				"$(DERIVED_FILE_DIR)/Pods-InstagramTests-checkManifestLockResult.txt",
			);
			runOnlyForDeploymentPostprocessing = 0;
			shellPath = /bin/sh;
			shellScript = "diff \"${PODS_PODFILE_DIR_PATH}/Podfile.lock\" \"${PODS_ROOT}/Manifest.lock\" > /dev/null\nif [ $? != 0 ] ; then\n    # print error to STDERR\n    echo \"error: The sandbox is not in sync with the Podfile.lock. Run 'pod install' or update your CocoaPods installation.\" >&2\n    exit 1\nfi\n# This output is used by Xcode 'outputs' to avoid re-running this script phase.\necho \"SUCCESS\" > \"${SCRIPT_OUTPUT_FILE_0}\"\n";
			showEnvVarsInLog = 0;
		};
/* End PBXShellScriptBuildPhase section */

/* Begin PBXSourcesBuildPhase section */
		5B304B3B2A4FD03D005CB1D8 /* Sources */ = {
			isa = PBXSourcesBuildPhase;
			buildActionMask = 2147483647;
			files = (
				5B304B8A2A4FD31E005CB1D8 /* EditProfileViewController.swift in Sources */,
				5B304B782A4FD205005CB1D8 /* ExploreViewController.swift in Sources */,
				5B304B962A4FD3C3005CB1D8 /* PublishPostViewController.swift in Sources */,
				5B304B7B2A4FD23E005CB1D8 /* CameraViewController.swift in Sources */,
				5B304B7D2A4FD251005CB1D8 /* NotificationViewController.swift in Sources */,
				5B304B862A4FD2E6005CB1D8 /* RegistrationViewController.swift in Sources */,
				5B304B942A4FD3AB005CB1D8 /* PostEditorViewController.swift in Sources */,
				5BC9D16A2A50F3790054AFF5 /* StorageManager.swift in Sources */,
				5B304B882A4FD300005CB1D8 /* PostViewController.swift in Sources */,
				5BC9D1662A50E0AB0054AFF5 /* DatabaseManager.swift in Sources */,
				5B304B472A4FD03D005CB1D8 /* HomeViewController.swift in Sources */,
				5B304B922A4FD377005CB1D8 /* SearchResultViewController.swift in Sources */,
				5B304B842A4FD2D8005CB1D8 /* LoginViewController.swift in Sources */,
				5BC9D16C2A50F9AA0054AFF5 /* Extensions.swift in Sources */,
				5B304B902A4FD360005CB1D8 /* SearchViewController.swift in Sources */,
				5B304B7F2A4FD25C005CB1D8 /* ProfileViewController.swift in Sources */,
				5BC9D1682A50F31D0054AFF5 /* AuthManager.swift in Sources */,
				5B304B432A4FD03D005CB1D8 /* AppDelegate.swift in Sources */,
				5B304B452A4FD03D005CB1D8 /* SceneDelegate.swift in Sources */,
				5B304B8E2A4FD351005CB1D8 /* ListViewController.swift in Sources */,
				5B304B8C2A4FD32D005CB1D8 /* SettingsViewController.swift in Sources */,
			);
			runOnlyForDeploymentPostprocessing = 0;
		};
		5B304B512A4FD03E005CB1D8 /* Sources */ = {
			isa = PBXSourcesBuildPhase;
			buildActionMask = 2147483647;
			files = (
				5B304B5A2A4FD03E005CB1D8 /* InstagramTests.swift in Sources */,
			);
			runOnlyForDeploymentPostprocessing = 0;
		};
		5B304B5B2A4FD03E005CB1D8 /* Sources */ = {
			isa = PBXSourcesBuildPhase;
			buildActionMask = 2147483647;
			files = (
				5B304B642A4FD03E005CB1D8 /* InstagramUITests.swift in Sources */,
				5B304B662A4FD03E005CB1D8 /* InstagramUITestsLaunchTests.swift in Sources */,
			);
			runOnlyForDeploymentPostprocessing = 0;
		};
/* End PBXSourcesBuildPhase section */

/* Begin PBXTargetDependency section */
		5B304B572A4FD03E005CB1D8 /* PBXTargetDependency */ = {
			isa = PBXTargetDependency;
			target = 5B304B3E2A4FD03D005CB1D8 /* Instagram */;
			targetProxy = 5B304B562A4FD03E005CB1D8 /* PBXContainerItemProxy */;
		};
		5B304B612A4FD03E005CB1D8 /* PBXTargetDependency */ = {
			isa = PBXTargetDependency;
			target = 5B304B3E2A4FD03D005CB1D8 /* Instagram */;
			targetProxy = 5B304B602A4FD03E005CB1D8 /* PBXContainerItemProxy */;
		};
/* End PBXTargetDependency section */

/* Begin PBXVariantGroup section */
		5B304B482A4FD03D005CB1D8 /* Main.storyboard */ = {
			isa = PBXVariantGroup;
			children = (
				5B304B492A4FD03D005CB1D8 /* Base */,
			);
			name = Main.storyboard;
			sourceTree = "<group>";
		};
		5B304B4D2A4FD03E005CB1D8 /* LaunchScreen.storyboard */ = {
			isa = PBXVariantGroup;
			children = (
				5B304B4E2A4FD03E005CB1D8 /* Base */,
			);
			name = LaunchScreen.storyboard;
			sourceTree = "<group>";
		};
/* End PBXVariantGroup section */

/* Begin XCBuildConfiguration section */
		5B304B672A4FD03E005CB1D8 /* Debug */ = {
			isa = XCBuildConfiguration;
			buildSettings = {
				ALWAYS_SEARCH_USER_PATHS = NO;
				CLANG_ANALYZER_NONNULL = YES;
				CLANG_ANALYZER_NUMBER_OBJECT_CONVERSION = YES_AGGRESSIVE;
				CLANG_CXX_LANGUAGE_STANDARD = "gnu++20";
				CLANG_ENABLE_MODULES = YES;
				CLANG_ENABLE_OBJC_ARC = YES;
				CLANG_ENABLE_OBJC_WEAK = YES;
				CLANG_WARN_BLOCK_CAPTURE_AUTORELEASING = YES;
				CLANG_WARN_BOOL_CONVERSION = YES;
				CLANG_WARN_COMMA = YES;
				CLANG_WARN_CONSTANT_CONVERSION = YES;
				CLANG_WARN_DEPRECATED_OBJC_IMPLEMENTATIONS = YES;
				CLANG_WARN_DIRECT_OBJC_ISA_USAGE = YES_ERROR;
				CLANG_WARN_DOCUMENTATION_COMMENTS = YES;
				CLANG_WARN_EMPTY_BODY = YES;
				CLANG_WARN_ENUM_CONVERSION = YES;
				CLANG_WARN_INFINITE_RECURSION = YES;
				CLANG_WARN_INT_CONVERSION = YES;
				CLANG_WARN_NON_LITERAL_NULL_CONVERSION = YES;
				CLANG_WARN_OBJC_IMPLICIT_RETAIN_SELF = YES;
				CLANG_WARN_OBJC_LITERAL_CONVERSION = YES;
				CLANG_WARN_OBJC_ROOT_CLASS = YES_ERROR;
				CLANG_WARN_QUOTED_INCLUDE_IN_FRAMEWORK_HEADER = YES;
				CLANG_WARN_RANGE_LOOP_ANALYSIS = YES;
				CLANG_WARN_STRICT_PROTOTYPES = YES;
				CLANG_WARN_SUSPICIOUS_MOVE = YES;
				CLANG_WARN_UNGUARDED_AVAILABILITY = YES_AGGRESSIVE;
				CLANG_WARN_UNREACHABLE_CODE = YES;
				CLANG_WARN__DUPLICATE_METHOD_MATCH = YES;
				COPY_PHASE_STRIP = NO;
				DEBUG_INFORMATION_FORMAT = dwarf;
				ENABLE_STRICT_OBJC_MSGSEND = YES;
				ENABLE_TESTABILITY = YES;
				GCC_C_LANGUAGE_STANDARD = gnu11;
				GCC_DYNAMIC_NO_PIC = NO;
				GCC_NO_COMMON_BLOCKS = YES;
				GCC_OPTIMIZATION_LEVEL = 0;
				GCC_PREPROCESSOR_DEFINITIONS = (
					"DEBUG=1",
					"$(inherited)",
				);
				GCC_WARN_64_TO_32_BIT_CONVERSION = YES;
				GCC_WARN_ABOUT_RETURN_TYPE = YES_ERROR;
				GCC_WARN_UNDECLARED_SELECTOR = YES;
				GCC_WARN_UNINITIALIZED_AUTOS = YES_AGGRESSIVE;
				GCC_WARN_UNUSED_FUNCTION = YES;
				GCC_WARN_UNUSED_VARIABLE = YES;
				IPHONEOS_DEPLOYMENT_TARGET = 16.4;
				MTL_ENABLE_DEBUG_INFO = INCLUDE_SOURCE;
				MTL_FAST_MATH = YES;
				ONLY_ACTIVE_ARCH = YES;
				SDKROOT = iphoneos;
				SWIFT_ACTIVE_COMPILATION_CONDITIONS = DEBUG;
				SWIFT_OPTIMIZATION_LEVEL = "-Onone";
			};
			name = Debug;
		};
		5B304B682A4FD03E005CB1D8 /* Release */ = {
			isa = XCBuildConfiguration;
			buildSettings = {
				ALWAYS_SEARCH_USER_PATHS = NO;
				CLANG_ANALYZER_NONNULL = YES;
				CLANG_ANALYZER_NUMBER_OBJECT_CONVERSION = YES_AGGRESSIVE;
				CLANG_CXX_LANGUAGE_STANDARD = "gnu++20";
				CLANG_ENABLE_MODULES = YES;
				CLANG_ENABLE_OBJC_ARC = YES;
				CLANG_ENABLE_OBJC_WEAK = YES;
				CLANG_WARN_BLOCK_CAPTURE_AUTORELEASING = YES;
				CLANG_WARN_BOOL_CONVERSION = YES;
				CLANG_WARN_COMMA = YES;
				CLANG_WARN_CONSTANT_CONVERSION = YES;
				CLANG_WARN_DEPRECATED_OBJC_IMPLEMENTATIONS = YES;
				CLANG_WARN_DIRECT_OBJC_ISA_USAGE = YES_ERROR;
				CLANG_WARN_DOCUMENTATION_COMMENTS = YES;
				CLANG_WARN_EMPTY_BODY = YES;
				CLANG_WARN_ENUM_CONVERSION = YES;
				CLANG_WARN_INFINITE_RECURSION = YES;
				CLANG_WARN_INT_CONVERSION = YES;
				CLANG_WARN_NON_LITERAL_NULL_CONVERSION = YES;
				CLANG_WARN_OBJC_IMPLICIT_RETAIN_SELF = YES;
				CLANG_WARN_OBJC_LITERAL_CONVERSION = YES;
				CLANG_WARN_OBJC_ROOT_CLASS = YES_ERROR;
				CLANG_WARN_QUOTED_INCLUDE_IN_FRAMEWORK_HEADER = YES;
				CLANG_WARN_RANGE_LOOP_ANALYSIS = YES;
				CLANG_WARN_STRICT_PROTOTYPES = YES;
				CLANG_WARN_SUSPICIOUS_MOVE = YES;
				CLANG_WARN_UNGUARDED_AVAILABILITY = YES_AGGRESSIVE;
				CLANG_WARN_UNREACHABLE_CODE = YES;
				CLANG_WARN__DUPLICATE_METHOD_MATCH = YES;
				COPY_PHASE_STRIP = NO;
				DEBUG_INFORMATION_FORMAT = "dwarf-with-dsym";
				ENABLE_NS_ASSERTIONS = NO;
				ENABLE_STRICT_OBJC_MSGSEND = YES;
				GCC_C_LANGUAGE_STANDARD = gnu11;
				GCC_NO_COMMON_BLOCKS = YES;
				GCC_WARN_64_TO_32_BIT_CONVERSION = YES;
				GCC_WARN_ABOUT_RETURN_TYPE = YES_ERROR;
				GCC_WARN_UNDECLARED_SELECTOR = YES;
				GCC_WARN_UNINITIALIZED_AUTOS = YES_AGGRESSIVE;
				GCC_WARN_UNUSED_FUNCTION = YES;
				GCC_WARN_UNUSED_VARIABLE = YES;
				IPHONEOS_DEPLOYMENT_TARGET = 16.4;
				MTL_ENABLE_DEBUG_INFO = NO;
				MTL_FAST_MATH = YES;
				SDKROOT = iphoneos;
				SWIFT_COMPILATION_MODE = wholemodule;
				SWIFT_OPTIMIZATION_LEVEL = "-O";
				VALIDATE_PRODUCT = YES;
			};
			name = Release;
		};
		5B304B6A2A4FD03E005CB1D8 /* Debug */ = {
			isa = XCBuildConfiguration;
			baseConfigurationReference = 10CAE20EFC63E80F1A821618 /* Pods-Instagram.debug.xcconfig */;
			buildSettings = {
				ASSETCATALOG_COMPILER_APPICON_NAME = AppIcon;
				ASSETCATALOG_COMPILER_GLOBAL_ACCENT_COLOR_NAME = AccentColor;
				CODE_SIGN_STYLE = Automatic;
				CURRENT_PROJECT_VERSION = 1;
				GENERATE_INFOPLIST_FILE = YES;
				INFOPLIST_FILE = Instagram/Info.plist;
				INFOPLIST_KEY_UIApplicationSupportsIndirectInputEvents = YES;
				INFOPLIST_KEY_UILaunchStoryboardName = LaunchScreen;
				INFOPLIST_KEY_UIMainStoryboardFile = Main;
				INFOPLIST_KEY_UISupportedInterfaceOrientations = UIInterfaceOrientationPortrait;
				INFOPLIST_KEY_UISupportedInterfaceOrientations_iPad = "UIInterfaceOrientationLandscapeLeft UIInterfaceOrientationLandscapeRight UIInterfaceOrientationPortrait";
				IPHONEOS_DEPLOYMENT_TARGET = 13.0;
				LD_RUNPATH_SEARCH_PATHS = (
					"$(inherited)",
					"@executable_path/Frameworks",
				);
				MARKETING_VERSION = 1.0;
				PRODUCT_BUNDLE_IDENTIFIER = pipcy.Instagram;
				PRODUCT_NAME = "$(TARGET_NAME)";
				SWIFT_EMIT_LOC_STRINGS = YES;
				SWIFT_VERSION = 5.0;
				TARGETED_DEVICE_FAMILY = "1,2";
			};
			name = Debug;
		};
		5B304B6B2A4FD03E005CB1D8 /* Release */ = {
			isa = XCBuildConfiguration;
			baseConfigurationReference = 119DE6639DEE89B786BE3832 /* Pods-Instagram.release.xcconfig */;
			buildSettings = {
				ASSETCATALOG_COMPILER_APPICON_NAME = AppIcon;
				ASSETCATALOG_COMPILER_GLOBAL_ACCENT_COLOR_NAME = AccentColor;
				CODE_SIGN_STYLE = Automatic;
				CURRENT_PROJECT_VERSION = 1;
				GENERATE_INFOPLIST_FILE = YES;
				INFOPLIST_FILE = Instagram/Info.plist;
				INFOPLIST_KEY_UIApplicationSupportsIndirectInputEvents = YES;
				INFOPLIST_KEY_UILaunchStoryboardName = LaunchScreen;
				INFOPLIST_KEY_UIMainStoryboardFile = Main;
				INFOPLIST_KEY_UISupportedInterfaceOrientations = UIInterfaceOrientationPortrait;
				INFOPLIST_KEY_UISupportedInterfaceOrientations_iPad = "UIInterfaceOrientationLandscapeLeft UIInterfaceOrientationLandscapeRight UIInterfaceOrientationPortrait";
				IPHONEOS_DEPLOYMENT_TARGET = 13.0;
				LD_RUNPATH_SEARCH_PATHS = (
					"$(inherited)",
					"@executable_path/Frameworks",
				);
				MARKETING_VERSION = 1.0;
				PRODUCT_BUNDLE_IDENTIFIER = pipcy.Instagram;
				PRODUCT_NAME = "$(TARGET_NAME)";
				SWIFT_EMIT_LOC_STRINGS = YES;
				SWIFT_VERSION = 5.0;
				TARGETED_DEVICE_FAMILY = "1,2";
			};
			name = Release;
		};
		5B304B6D2A4FD03E005CB1D8 /* Debug */ = {
			isa = XCBuildConfiguration;
			baseConfigurationReference = 3A37E766A7528EDBCF91A27C /* Pods-InstagramTests.debug.xcconfig */;
			buildSettings = {
				ALWAYS_EMBED_SWIFT_STANDARD_LIBRARIES = YES;
				BUNDLE_LOADER = "$(TEST_HOST)";
				CODE_SIGN_STYLE = Automatic;
				CURRENT_PROJECT_VERSION = 1;
				GENERATE_INFOPLIST_FILE = YES;
				IPHONEOS_DEPLOYMENT_TARGET = 16.4;
				MARKETING_VERSION = 1.0;
				PRODUCT_BUNDLE_IDENTIFIER = pipcy.InstagramTests;
				PRODUCT_NAME = "$(TARGET_NAME)";
				SWIFT_EMIT_LOC_STRINGS = NO;
				SWIFT_VERSION = 5.0;
				TARGETED_DEVICE_FAMILY = "1,2";
				TEST_HOST = "$(BUILT_PRODUCTS_DIR)/Instagram.app/$(BUNDLE_EXECUTABLE_FOLDER_PATH)/Instagram";
			};
			name = Debug;
		};
		5B304B6E2A4FD03E005CB1D8 /* Release */ = {
			isa = XCBuildConfiguration;
			baseConfigurationReference = 6AD42BE179B7672CD2CC5BA8 /* Pods-InstagramTests.release.xcconfig */;
			buildSettings = {
				ALWAYS_EMBED_SWIFT_STANDARD_LIBRARIES = YES;
				BUNDLE_LOADER = "$(TEST_HOST)";
				CODE_SIGN_STYLE = Automatic;
				CURRENT_PROJECT_VERSION = 1;
				GENERATE_INFOPLIST_FILE = YES;
				IPHONEOS_DEPLOYMENT_TARGET = 16.4;
				MARKETING_VERSION = 1.0;
				PRODUCT_BUNDLE_IDENTIFIER = pipcy.InstagramTests;
				PRODUCT_NAME = "$(TARGET_NAME)";
				SWIFT_EMIT_LOC_STRINGS = NO;
				SWIFT_VERSION = 5.0;
				TARGETED_DEVICE_FAMILY = "1,2";
				TEST_HOST = "$(BUILT_PRODUCTS_DIR)/Instagram.app/$(BUNDLE_EXECUTABLE_FOLDER_PATH)/Instagram";
			};
			name = Release;
		};
		5B304B702A4FD03E005CB1D8 /* Debug */ = {
			isa = XCBuildConfiguration;
			baseConfigurationReference = 90949187204D0BF6A17BFE18 /* Pods-Instagram-InstagramUITests.debug.xcconfig */;
			buildSettings = {
				ALWAYS_EMBED_SWIFT_STANDARD_LIBRARIES = YES;
				CODE_SIGN_STYLE = Automatic;
				CURRENT_PROJECT_VERSION = 1;
				GENERATE_INFOPLIST_FILE = YES;
				MARKETING_VERSION = 1.0;
				PRODUCT_BUNDLE_IDENTIFIER = pipcy.InstagramUITests;
				PRODUCT_NAME = "$(TARGET_NAME)";
				SWIFT_EMIT_LOC_STRINGS = NO;
				SWIFT_VERSION = 5.0;
				TARGETED_DEVICE_FAMILY = "1,2";
				TEST_TARGET_NAME = Instagram;
			};
			name = Debug;
		};
		5B304B712A4FD03E005CB1D8 /* Release */ = {
			isa = XCBuildConfiguration;
			baseConfigurationReference = DF49A48C500C8283A4761555 /* Pods-Instagram-InstagramUITests.release.xcconfig */;
			buildSettings = {
				ALWAYS_EMBED_SWIFT_STANDARD_LIBRARIES = YES;
				CODE_SIGN_STYLE = Automatic;
				CURRENT_PROJECT_VERSION = 1;
				GENERATE_INFOPLIST_FILE = YES;
				MARKETING_VERSION = 1.0;
				PRODUCT_BUNDLE_IDENTIFIER = pipcy.InstagramUITests;
				PRODUCT_NAME = "$(TARGET_NAME)";
				SWIFT_EMIT_LOC_STRINGS = NO;
				SWIFT_VERSION = 5.0;
				TARGETED_DEVICE_FAMILY = "1,2";
				TEST_TARGET_NAME = Instagram;
			};
			name = Release;
		};
/* End XCBuildConfiguration section */

/* Begin XCConfigurationList section */
		5B304B3A2A4FD03D005CB1D8 /* Build configuration list for PBXProject "Instagram" */ = {
			isa = XCConfigurationList;
			buildConfigurations = (
				5B304B672A4FD03E005CB1D8 /* Debug */,
				5B304B682A4FD03E005CB1D8 /* Release */,
			);
			defaultConfigurationIsVisible = 0;
			defaultConfigurationName = Release;
		};
		5B304B692A4FD03E005CB1D8 /* Build configuration list for PBXNativeTarget "Instagram" */ = {
			isa = XCConfigurationList;
			buildConfigurations = (
				5B304B6A2A4FD03E005CB1D8 /* Debug */,
				5B304B6B2A4FD03E005CB1D8 /* Release */,
			);
			defaultConfigurationIsVisible = 0;
			defaultConfigurationName = Release;
		};
		5B304B6C2A4FD03E005CB1D8 /* Build configuration list for PBXNativeTarget "InstagramTests" */ = {
			isa = XCConfigurationList;
			buildConfigurations = (
				5B304B6D2A4FD03E005CB1D8 /* Debug */,
				5B304B6E2A4FD03E005CB1D8 /* Release */,
			);
			defaultConfigurationIsVisible = 0;
			defaultConfigurationName = Release;
		};
		5B304B6F2A4FD03E005CB1D8 /* Build configuration list for PBXNativeTarget "InstagramUITests" */ = {
			isa = XCConfigurationList;
			buildConfigurations = (
				5B304B702A4FD03E005CB1D8 /* Debug */,
				5B304B712A4FD03E005CB1D8 /* Release */,
			);
			defaultConfigurationIsVisible = 0;
			defaultConfigurationName = Release;
		};
/* End XCConfigurationList section */
	};
	rootObject = 5B304B372A4FD03D005CB1D8 /* Project object */;
}
